
Microsoft Visual Studio Solution File, Format Version 12.00
# Visual Studio 15
VisualStudioVersion = 15.0.26228.4
MinimumVisualStudioVersion = 10.0.40219.1
Project("{FAE04EC0-301F-11D3-BF4B-00C04F79EFBC}") = "SP_LessonTwo_14.03.18", "SP_LessonTwo_14.03.18\SP_LessonTwo_14.03.18.csproj", "{6515BEED-7523-4467-96D9-4FBBC183612F}"
EndProject
Global
	GlobalSection(SolutionConfigurationPlatforms) = preSolution
		Debug|Any CPU = Debug|Any CPU
		Release|Any CPU = Release|Any CPU
	EndGlobalSection
	GlobalSection(ProjectConfigurationPlatforms) = postSolution
		{6515BEED-7523-4467-96D9-4FBBC183612F}.Debug|Any CPU.ActiveCfg = Debug|Any CPU
		{6515BEED-7523-4467-96D9-4FBBC183612F}.Debug|Any CPU.Build.0 = Debug|Any CPU
		{6515BEED-7523-4467-96D9-4FBBC183612F}.Release|Any CPU.ActiveCfg = Release|Any CPU
		{6515BEED-7523-4467-96D9-4FBBC183612F}.Release|Any CPU.Build.0 = Release|Any CPU
	EndGlobalSection
	GlobalSection(SolutionProperties) = preSolution
		HideSolutionNode = FALSE
	EndGlobalSection
EndGlobal
